
Microsoft Visual Studio Solution File, Format Version 12.00
# Visual Studio Version 17
VisualStudioVersion = 17.1.32328.378
MinimumVisualStudioVersion = 10.0.40219.1
Project("{F2A71F9B-5D33-465A-A702-920D77279786}") = "lab6", "lab6.fsproj", "{ED388495-9EFD-4258-9DE1-B45ACE8D6364}"
EndProject
Global
	GlobalSection(SolutionConfigurationPlatforms) = preSolution
		Debug|Any CPU = Debug|Any CPU
		Release|Any CPU = Release|Any CPU
	EndGlobalSection
	GlobalSection(ProjectConfigurationPlatforms) = postSolution
		{ED388495-9EFD-4258-9DE1-B45ACE8D6364}.Debug|Any CPU.ActiveCfg = Debug|Any CPU
		{ED388495-9EFD-4258-9DE1-B45ACE8D6364}.Debug|Any CPU.Build.0 = Debug|Any CPU
		{ED388495-9EFD-4258-9DE1-B45ACE8D6364}.Release|Any CPU.ActiveCfg = Release|Any CPU
		{ED388495-9EFD-4258-9DE1-B45ACE8D6364}.Release|Any CPU.Build.0 = Release|Any CPU
	EndGlobalSection
	GlobalSection(SolutionProperties) = preSolution
		HideSolutionNode = FALSE
	EndGlobalSection
	GlobalSection(ExtensibilityGlobals) = postSolution
		SolutionGuid = {98A41B32-2638-4164-9059-1E3915E22206}
	EndGlobalSection
EndGlobal
