
Microsoft Visual Studio Solution File, Format Version 12.00
# Visual Studio Version 17
VisualStudioVersion = 17.0.32014.148
MinimumVisualStudioVersion = 10.0.40219.1
Project("{F2A71F9B-5D33-465A-A702-920D77279786}") = "flp1.58", "flp1.58\flp1.58.fsproj", "{52001EB4-5FCF-4212-8AAD-C7E349066D5E}"
EndProject
Global
	GlobalSection(SolutionConfigurationPlatforms) = preSolution
		Debug|Any CPU = Debug|Any CPU
		Release|Any CPU = Release|Any CPU
	EndGlobalSection
	GlobalSection(ProjectConfigurationPlatforms) = postSolution
		{52001EB4-5FCF-4212-8AAD-C7E349066D5E}.Debug|Any CPU.ActiveCfg = Debug|Any CPU
		{52001EB4-5FCF-4212-8AAD-C7E349066D5E}.Debug|Any CPU.Build.0 = Debug|Any CPU
		{52001EB4-5FCF-4212-8AAD-C7E349066D5E}.Release|Any CPU.ActiveCfg = Release|Any CPU
		{52001EB4-5FCF-4212-8AAD-C7E349066D5E}.Release|Any CPU.Build.0 = Release|Any CPU
	EndGlobalSection
	GlobalSection(SolutionProperties) = preSolution
		HideSolutionNode = FALSE
	EndGlobalSection
	GlobalSection(ExtensibilityGlobals) = postSolution
		SolutionGuid = {C854CF35-D1F0-4AA0-AA7C-6AD5DCC64A8B}
	EndGlobalSection
EndGlobal
