
Microsoft Visual Studio Solution File, Format Version 12.00
# Visual Studio Version 17
VisualStudioVersion = 17.1.32328.378
MinimumVisualStudioVersion = 10.0.40219.1
Project("{F2A71F9B-5D33-465A-A702-920D77279786}") = "18", "18\18.fsproj", "{8B84FFC8-9B3D-4977-B5BF-EE946D50622D}"
EndProject
Global
	GlobalSection(SolutionConfigurationPlatforms) = preSolution
		Debug|Any CPU = Debug|Any CPU
		Release|Any CPU = Release|Any CPU
	EndGlobalSection
	GlobalSection(ProjectConfigurationPlatforms) = postSolution
		{8B84FFC8-9B3D-4977-B5BF-EE946D50622D}.Debug|Any CPU.ActiveCfg = Debug|Any CPU
		{8B84FFC8-9B3D-4977-B5BF-EE946D50622D}.Debug|Any CPU.Build.0 = Debug|Any CPU
		{8B84FFC8-9B3D-4977-B5BF-EE946D50622D}.Release|Any CPU.ActiveCfg = Release|Any CPU
		{8B84FFC8-9B3D-4977-B5BF-EE946D50622D}.Release|Any CPU.Build.0 = Release|Any CPU
	EndGlobalSection
	GlobalSection(SolutionProperties) = preSolution
		HideSolutionNode = FALSE
	EndGlobalSection
	GlobalSection(ExtensibilityGlobals) = postSolution
		SolutionGuid = {CBC774C2-EFE3-4EEA-AD10-4BB341CCCCA0}
	EndGlobalSection
EndGlobal
