
Microsoft Visual Studio Solution File, Format Version 12.00
# Visual Studio Version 17
VisualStudioVersion = 17.0.32014.148
MinimumVisualStudioVersion = 10.0.40219.1
Project("{F2A71F9B-5D33-465A-A702-920D77279786}") = "fl1.2", "fl1.2\fl1.2.fsproj", "{CBC38479-35B9-4DED-836B-02CB50135EAF}"
EndProject
Global
	GlobalSection(SolutionConfigurationPlatforms) = preSolution
		Debug|Any CPU = Debug|Any CPU
		Release|Any CPU = Release|Any CPU
	EndGlobalSection
	GlobalSection(ProjectConfigurationPlatforms) = postSolution
		{CBC38479-35B9-4DED-836B-02CB50135EAF}.Debug|Any CPU.ActiveCfg = Debug|Any CPU
		{CBC38479-35B9-4DED-836B-02CB50135EAF}.Debug|Any CPU.Build.0 = Debug|Any CPU
		{CBC38479-35B9-4DED-836B-02CB50135EAF}.Release|Any CPU.ActiveCfg = Release|Any CPU
		{CBC38479-35B9-4DED-836B-02CB50135EAF}.Release|Any CPU.Build.0 = Release|Any CPU
	EndGlobalSection
	GlobalSection(SolutionProperties) = preSolution
		HideSolutionNode = FALSE
	EndGlobalSection
	GlobalSection(ExtensibilityGlobals) = postSolution
		SolutionGuid = {6AEC2466-133F-4EDB-A1F3-760ACDC29B7D}
	EndGlobalSection
EndGlobal
