
Microsoft Visual Studio Solution File, Format Version 12.00
# Visual Studio Version 17
VisualStudioVersion = 17.0.32014.148
MinimumVisualStudioVersion = 10.0.40219.1
Project("{F2A71F9B-5D33-465A-A702-920D77279786}") = "flp1.31", "flp1.31\flp1.31.fsproj", "{EC176604-1F19-41EF-B705-CD56038EBA52}"
EndProject
Global
	GlobalSection(SolutionConfigurationPlatforms) = preSolution
		Debug|Any CPU = Debug|Any CPU
		Release|Any CPU = Release|Any CPU
	EndGlobalSection
	GlobalSection(ProjectConfigurationPlatforms) = postSolution
		{EC176604-1F19-41EF-B705-CD56038EBA52}.Debug|Any CPU.ActiveCfg = Debug|Any CPU
		{EC176604-1F19-41EF-B705-CD56038EBA52}.Debug|Any CPU.Build.0 = Debug|Any CPU
		{EC176604-1F19-41EF-B705-CD56038EBA52}.Release|Any CPU.ActiveCfg = Release|Any CPU
		{EC176604-1F19-41EF-B705-CD56038EBA52}.Release|Any CPU.Build.0 = Release|Any CPU
	EndGlobalSection
	GlobalSection(SolutionProperties) = preSolution
		HideSolutionNode = FALSE
	EndGlobalSection
	GlobalSection(ExtensibilityGlobals) = postSolution
		SolutionGuid = {C1B3E51E-86DE-4546-BE7A-9EA98E1178D0}
	EndGlobalSection
EndGlobal
