
Microsoft Visual Studio Solution File, Format Version 12.00
# Visual Studio Version 17
VisualStudioVersion = 17.0.32014.148
MinimumVisualStudioVersion = 10.0.40219.1
Project("{F2A71F9B-5D33-465A-A702-920D77279786}") = "flp1.5", "flp1.5\flp1.5.fsproj", "{0BB1FE92-5DBE-465A-8357-94F000508276}"
EndProject
Global
	GlobalSection(SolutionConfigurationPlatforms) = preSolution
		Debug|Any CPU = Debug|Any CPU
		Release|Any CPU = Release|Any CPU
	EndGlobalSection
	GlobalSection(ProjectConfigurationPlatforms) = postSolution
		{0BB1FE92-5DBE-465A-8357-94F000508276}.Debug|Any CPU.ActiveCfg = Debug|Any CPU
		{0BB1FE92-5DBE-465A-8357-94F000508276}.Debug|Any CPU.Build.0 = Debug|Any CPU
		{0BB1FE92-5DBE-465A-8357-94F000508276}.Release|Any CPU.ActiveCfg = Release|Any CPU
		{0BB1FE92-5DBE-465A-8357-94F000508276}.Release|Any CPU.Build.0 = Release|Any CPU
	EndGlobalSection
	GlobalSection(SolutionProperties) = preSolution
		HideSolutionNode = FALSE
	EndGlobalSection
	GlobalSection(ExtensibilityGlobals) = postSolution
		SolutionGuid = {295AE4FF-592B-4EE9-9212-3DC9F994605E}
	EndGlobalSection
EndGlobal
