
Microsoft Visual Studio Solution File, Format Version 12.00
# Visual Studio Version 17
VisualStudioVersion = 17.0.32014.148
MinimumVisualStudioVersion = 10.0.40219.1
Project("{F2A71F9B-5D33-465A-A702-920D77279786}") = "flp1.9", "flp1.9\flp1.9.fsproj", "{D3D23DEF-E9AA-4682-92B3-1D7FDF034F9C}"
EndProject
Global
	GlobalSection(SolutionConfigurationPlatforms) = preSolution
		Debug|Any CPU = Debug|Any CPU
		Release|Any CPU = Release|Any CPU
	EndGlobalSection
	GlobalSection(ProjectConfigurationPlatforms) = postSolution
		{D3D23DEF-E9AA-4682-92B3-1D7FDF034F9C}.Debug|Any CPU.ActiveCfg = Debug|Any CPU
		{D3D23DEF-E9AA-4682-92B3-1D7FDF034F9C}.Debug|Any CPU.Build.0 = Debug|Any CPU
		{D3D23DEF-E9AA-4682-92B3-1D7FDF034F9C}.Release|Any CPU.ActiveCfg = Release|Any CPU
		{D3D23DEF-E9AA-4682-92B3-1D7FDF034F9C}.Release|Any CPU.Build.0 = Release|Any CPU
	EndGlobalSection
	GlobalSection(SolutionProperties) = preSolution
		HideSolutionNode = FALSE
	EndGlobalSection
	GlobalSection(ExtensibilityGlobals) = postSolution
		SolutionGuid = {DCEA5A83-16B5-4262-AECD-30F4B7756EE6}
	EndGlobalSection
EndGlobal
