
Microsoft Visual Studio Solution File, Format Version 12.00
# Visual Studio Version 17
VisualStudioVersion = 17.1.32328.378
MinimumVisualStudioVersion = 10.0.40219.1
Project("{F2A71F9B-5D33-465A-A702-920D77279786}") = "libr", "libr.fsproj", "{EACE75D7-A9D4-4222-A478-8263CB9A00C1}"
EndProject
Project("{FAE04EC0-301F-11D3-BF4B-00C04F79EFBC}") = "Design", "..\Design\Design.csproj", "{BBA8BCA7-E441-42D6-9ED9-160B3DFEA6E0}"
EndProject
Global
	GlobalSection(SolutionConfigurationPlatforms) = preSolution
		Debug|Any CPU = Debug|Any CPU
		Release|Any CPU = Release|Any CPU
	EndGlobalSection
	GlobalSection(ProjectConfigurationPlatforms) = postSolution
		{EACE75D7-A9D4-4222-A478-8263CB9A00C1}.Debug|Any CPU.ActiveCfg = Debug|Any CPU
		{EACE75D7-A9D4-4222-A478-8263CB9A00C1}.Debug|Any CPU.Build.0 = Debug|Any CPU
		{EACE75D7-A9D4-4222-A478-8263CB9A00C1}.Release|Any CPU.ActiveCfg = Release|Any CPU
		{EACE75D7-A9D4-4222-A478-8263CB9A00C1}.Release|Any CPU.Build.0 = Release|Any CPU
		{BBA8BCA7-E441-42D6-9ED9-160B3DFEA6E0}.Debug|Any CPU.ActiveCfg = Debug|Any CPU
		{BBA8BCA7-E441-42D6-9ED9-160B3DFEA6E0}.Debug|Any CPU.Build.0 = Debug|Any CPU
		{BBA8BCA7-E441-42D6-9ED9-160B3DFEA6E0}.Release|Any CPU.ActiveCfg = Release|Any CPU
		{BBA8BCA7-E441-42D6-9ED9-160B3DFEA6E0}.Release|Any CPU.Build.0 = Release|Any CPU
	EndGlobalSection
	GlobalSection(SolutionProperties) = preSolution
		HideSolutionNode = FALSE
	EndGlobalSection
	GlobalSection(ExtensibilityGlobals) = postSolution
		SolutionGuid = {3DCA3DA2-6352-4F46-A6B4-D78A565069BC}
	EndGlobalSection
EndGlobal
