
Microsoft Visual Studio Solution File, Format Version 12.00
# Visual Studio Version 17
VisualStudioVersion = 17.0.32014.148
MinimumVisualStudioVersion = 10.0.40219.1
Project("{F2A71F9B-5D33-465A-A702-920D77279786}") = "flp1.9", "flp1.9\flp1.9.fsproj", "{A96A32E6-4671-4E77-91F4-28F1F6B9BD4A}"
EndProject
Global
	GlobalSection(SolutionConfigurationPlatforms) = preSolution
		Debug|Any CPU = Debug|Any CPU
		Release|Any CPU = Release|Any CPU
	EndGlobalSection
	GlobalSection(ProjectConfigurationPlatforms) = postSolution
		{A96A32E6-4671-4E77-91F4-28F1F6B9BD4A}.Debug|Any CPU.ActiveCfg = Debug|Any CPU
		{A96A32E6-4671-4E77-91F4-28F1F6B9BD4A}.Debug|Any CPU.Build.0 = Debug|Any CPU
		{A96A32E6-4671-4E77-91F4-28F1F6B9BD4A}.Release|Any CPU.ActiveCfg = Release|Any CPU
		{A96A32E6-4671-4E77-91F4-28F1F6B9BD4A}.Release|Any CPU.Build.0 = Release|Any CPU
	EndGlobalSection
	GlobalSection(SolutionProperties) = preSolution
		HideSolutionNode = FALSE
	EndGlobalSection
	GlobalSection(ExtensibilityGlobals) = postSolution
		SolutionGuid = {F42CF02D-3872-448F-B152-46BED2393154}
	EndGlobalSection
EndGlobal
