
Microsoft Visual Studio Solution File, Format Version 12.00
# Visual Studio Version 17
VisualStudioVersion = 17.0.32014.148
MinimumVisualStudioVersion = 10.0.40219.1
Project("{F2A71F9B-5D33-465A-A702-920D77279786}") = "flp1.8.1", "flp1.8.1\flp1.8.1.fsproj", "{A5A8E8EF-6EE9-496E-A749-B03D9543DB53}"
EndProject
Global
	GlobalSection(SolutionConfigurationPlatforms) = preSolution
		Debug|Any CPU = Debug|Any CPU
		Release|Any CPU = Release|Any CPU
	EndGlobalSection
	GlobalSection(ProjectConfigurationPlatforms) = postSolution
		{A5A8E8EF-6EE9-496E-A749-B03D9543DB53}.Debug|Any CPU.ActiveCfg = Debug|Any CPU
		{A5A8E8EF-6EE9-496E-A749-B03D9543DB53}.Debug|Any CPU.Build.0 = Debug|Any CPU
		{A5A8E8EF-6EE9-496E-A749-B03D9543DB53}.Release|Any CPU.ActiveCfg = Release|Any CPU
		{A5A8E8EF-6EE9-496E-A749-B03D9543DB53}.Release|Any CPU.Build.0 = Release|Any CPU
	EndGlobalSection
	GlobalSection(SolutionProperties) = preSolution
		HideSolutionNode = FALSE
	EndGlobalSection
	GlobalSection(ExtensibilityGlobals) = postSolution
		SolutionGuid = {BF6FCF4B-FC61-49AF-AF0A-95B3780D31B6}
	EndGlobalSection
EndGlobal
