
Microsoft Visual Studio Solution File, Format Version 12.00
# Visual Studio Version 17
VisualStudioVersion = 17.1.32328.378
MinimumVisualStudioVersion = 10.0.40219.1
Project("{F2A71F9B-5D33-465A-A702-920D77279786}") = "lab7", "lab7.fsproj", "{CBA29B2A-B2D5-446E-AB61-E0A86C3E4340}"
EndProject
Global
	GlobalSection(SolutionConfigurationPlatforms) = preSolution
		Debug|Any CPU = Debug|Any CPU
		Release|Any CPU = Release|Any CPU
	EndGlobalSection
	GlobalSection(ProjectConfigurationPlatforms) = postSolution
		{CBA29B2A-B2D5-446E-AB61-E0A86C3E4340}.Debug|Any CPU.ActiveCfg = Debug|Any CPU
		{CBA29B2A-B2D5-446E-AB61-E0A86C3E4340}.Debug|Any CPU.Build.0 = Debug|Any CPU
		{CBA29B2A-B2D5-446E-AB61-E0A86C3E4340}.Release|Any CPU.ActiveCfg = Release|Any CPU
		{CBA29B2A-B2D5-446E-AB61-E0A86C3E4340}.Release|Any CPU.Build.0 = Release|Any CPU
	EndGlobalSection
	GlobalSection(SolutionProperties) = preSolution
		HideSolutionNode = FALSE
	EndGlobalSection
	GlobalSection(ExtensibilityGlobals) = postSolution
		SolutionGuid = {4E079D1A-0AAE-462F-B949-C360C44077D1}
	EndGlobalSection
EndGlobal
