
Microsoft Visual Studio Solution File, Format Version 12.00
# Visual Studio Version 17
VisualStudioVersion = 17.0.32014.148
MinimumVisualStudioVersion = 10.0.40219.1
Project("{F2A71F9B-5D33-465A-A702-920D77279786}") = "flp1.3", "flp1.3\flp1.3.fsproj", "{E112F495-DDF9-46A1-AF44-FC12757A62F7}"
EndProject
Global
	GlobalSection(SolutionConfigurationPlatforms) = preSolution
		Debug|Any CPU = Debug|Any CPU
		Release|Any CPU = Release|Any CPU
	EndGlobalSection
	GlobalSection(ProjectConfigurationPlatforms) = postSolution
		{E112F495-DDF9-46A1-AF44-FC12757A62F7}.Debug|Any CPU.ActiveCfg = Debug|Any CPU
		{E112F495-DDF9-46A1-AF44-FC12757A62F7}.Debug|Any CPU.Build.0 = Debug|Any CPU
		{E112F495-DDF9-46A1-AF44-FC12757A62F7}.Release|Any CPU.ActiveCfg = Release|Any CPU
		{E112F495-DDF9-46A1-AF44-FC12757A62F7}.Release|Any CPU.Build.0 = Release|Any CPU
	EndGlobalSection
	GlobalSection(SolutionProperties) = preSolution
		HideSolutionNode = FALSE
	EndGlobalSection
	GlobalSection(ExtensibilityGlobals) = postSolution
		SolutionGuid = {9D9F79D1-F3C9-4DA4-98BC-2717C8930828}
	EndGlobalSection
EndGlobal
