
Microsoft Visual Studio Solution File, Format Version 12.00
# Visual Studio Version 17
VisualStudioVersion = 17.1.32328.378
MinimumVisualStudioVersion = 10.0.40219.1
Project("{F2A71F9B-5D33-465A-A702-920D77279786}") = "19", "19\19.fsproj", "{96043408-B13C-4C14-B23C-7396679B2BAE}"
EndProject
Global
	GlobalSection(SolutionConfigurationPlatforms) = preSolution
		Debug|Any CPU = Debug|Any CPU
		Release|Any CPU = Release|Any CPU
	EndGlobalSection
	GlobalSection(ProjectConfigurationPlatforms) = postSolution
		{96043408-B13C-4C14-B23C-7396679B2BAE}.Debug|Any CPU.ActiveCfg = Debug|Any CPU
		{96043408-B13C-4C14-B23C-7396679B2BAE}.Debug|Any CPU.Build.0 = Debug|Any CPU
		{96043408-B13C-4C14-B23C-7396679B2BAE}.Release|Any CPU.ActiveCfg = Release|Any CPU
		{96043408-B13C-4C14-B23C-7396679B2BAE}.Release|Any CPU.Build.0 = Release|Any CPU
	EndGlobalSection
	GlobalSection(SolutionProperties) = preSolution
		HideSolutionNode = FALSE
	EndGlobalSection
	GlobalSection(ExtensibilityGlobals) = postSolution
		SolutionGuid = {741D69EC-0829-4783-916D-FFECFAACC1F3}
	EndGlobalSection
EndGlobal
