
Microsoft Visual Studio Solution File, Format Version 12.00
# Visual Studio Version 17
VisualStudioVersion = 17.1.32328.378
MinimumVisualStudioVersion = 10.0.40219.1
Project("{F2A71F9B-5D33-465A-A702-920D77279786}") = "lab", "lab\lab.fsproj", "{51328971-A267-4C36-A860-38CE0685774B}"
EndProject
Global
	GlobalSection(SolutionConfigurationPlatforms) = preSolution
		Debug|Any CPU = Debug|Any CPU
		Release|Any CPU = Release|Any CPU
	EndGlobalSection
	GlobalSection(ProjectConfigurationPlatforms) = postSolution
		{51328971-A267-4C36-A860-38CE0685774B}.Debug|Any CPU.ActiveCfg = Debug|Any CPU
		{51328971-A267-4C36-A860-38CE0685774B}.Debug|Any CPU.Build.0 = Debug|Any CPU
		{51328971-A267-4C36-A860-38CE0685774B}.Release|Any CPU.ActiveCfg = Release|Any CPU
		{51328971-A267-4C36-A860-38CE0685774B}.Release|Any CPU.Build.0 = Release|Any CPU
	EndGlobalSection
	GlobalSection(SolutionProperties) = preSolution
		HideSolutionNode = FALSE
	EndGlobalSection
	GlobalSection(ExtensibilityGlobals) = postSolution
		SolutionGuid = {264D9292-D9B6-4065-B426-CC02C7409E2D}
	EndGlobalSection
EndGlobal
